
Microsoft Visual Studio Solution File, Format Version 12.00
# Visual Studio Version 17
VisualStudioVersion = 17.0.31903.59
MinimumVisualStudioVersion = 10.0.40219.1
Project("{FAE04EC0-301F-11D3-BF4B-00C04F79EFBC}") = "SEOAnalyzer.API", "SEOAnalyzer.API\SEOAnalyzer.API.csproj", "{A19F02A2-31E6-4D73-B64B-41980CDCBA98}"
EndProject
Project("{FAE04EC0-301F-11D3-BF4B-00C04F79EFBC}") = "SEOAnalyzer.Core", "SEOAnalyzer.Core\SEOAnalyzer.Core.csproj", "{2FA25B39-DC96-467B-93F0-DEDFB322F061}"
EndProject
Project("{FAE04EC0-301F-11D3-BF4B-00C04F79EFBC}") = "SEOAnalyzer.Application", "SEOAnalyzer.Application\SEOAnalyzer.Application.csproj", "{8C774DCF-0152-4B16-9A67-3B8585DE0FF0}"
EndProject
Project("{FAE04EC0-301F-11D3-BF4B-00C04F79EFBC}") = "SEOAnalyzer.Infrastructure", "SEOAnalyzer.Infrastructure\SEOAnalyzer.Infrastructure.csproj", "{0249F835-161B-49DC-B5EF-6D1D6AB6AC84}"
EndProject
Global
	GlobalSection(SolutionConfigurationPlatforms) = preSolution
		Debug|Any CPU = Debug|Any CPU
		Debug|x64 = Debug|x64
		Debug|x86 = Debug|x86
		Release|Any CPU = Release|Any CPU
		Release|x64 = Release|x64
		Release|x86 = Release|x86
	EndGlobalSection
	GlobalSection(ProjectConfigurationPlatforms) = postSolution
		{A19F02A2-31E6-4D73-B64B-41980CDCBA98}.Debug|Any CPU.ActiveCfg = Debug|Any CPU
		{A19F02A2-31E6-4D73-B64B-41980CDCBA98}.Debug|Any CPU.Build.0 = Debug|Any CPU
		{A19F02A2-31E6-4D73-B64B-41980CDCBA98}.Debug|x64.ActiveCfg = Debug|Any CPU
		{A19F02A2-31E6-4D73-B64B-41980CDCBA98}.Debug|x64.Build.0 = Debug|Any CPU
		{A19F02A2-31E6-4D73-B64B-41980CDCBA98}.Debug|x86.ActiveCfg = Debug|Any CPU
		{A19F02A2-31E6-4D73-B64B-41980CDCBA98}.Debug|x86.Build.0 = Debug|Any CPU
		{A19F02A2-31E6-4D73-B64B-41980CDCBA98}.Release|Any CPU.ActiveCfg = Release|Any CPU
		{A19F02A2-31E6-4D73-B64B-41980CDCBA98}.Release|Any CPU.Build.0 = Release|Any CPU
		{A19F02A2-31E6-4D73-B64B-41980CDCBA98}.Release|x64.ActiveCfg = Release|Any CPU
		{A19F02A2-31E6-4D73-B64B-41980CDCBA98}.Release|x64.Build.0 = Release|Any CPU
		{A19F02A2-31E6-4D73-B64B-41980CDCBA98}.Release|x86.ActiveCfg = Release|Any CPU
		{A19F02A2-31E6-4D73-B64B-41980CDCBA98}.Release|x86.Build.0 = Release|Any CPU
		{2FA25B39-DC96-467B-93F0-DEDFB322F061}.Debug|Any CPU.ActiveCfg = Debug|Any CPU
		{2FA25B39-DC96-467B-93F0-DEDFB322F061}.Debug|Any CPU.Build.0 = Debug|Any CPU
		{2FA25B39-DC96-467B-93F0-DEDFB322F061}.Debug|x64.ActiveCfg = Debug|Any CPU
		{2FA25B39-DC96-467B-93F0-DEDFB322F061}.Debug|x64.Build.0 = Debug|Any CPU
		{2FA25B39-DC96-467B-93F0-DEDFB322F061}.Debug|x86.ActiveCfg = Debug|Any CPU
		{2FA25B39-DC96-467B-93F0-DEDFB322F061}.Debug|x86.Build.0 = Debug|Any CPU
		{2FA25B39-DC96-467B-93F0-DEDFB322F061}.Release|Any CPU.ActiveCfg = Release|Any CPU
		{2FA25B39-DC96-467B-93F0-DEDFB322F061}.Release|Any CPU.Build.0 = Release|Any CPU
		{2FA25B39-DC96-467B-93F0-DEDFB322F061}.Release|x64.ActiveCfg = Release|Any CPU
		{2FA25B39-DC96-467B-93F0-DEDFB322F061}.Release|x64.Build.0 = Release|Any CPU
		{2FA25B39-DC96-467B-93F0-DEDFB322F061}.Release|x86.ActiveCfg = Release|Any CPU
		{2FA25B39-DC96-467B-93F0-DEDFB322F061}.Release|x86.Build.0 = Release|Any CPU
		{8C774DCF-0152-4B16-9A67-3B8585DE0FF0}.Debug|Any CPU.ActiveCfg = Debug|Any CPU
		{8C774DCF-0152-4B16-9A67-3B8585DE0FF0}.Debug|Any CPU.Build.0 = Debug|Any CPU
		{8C774DCF-0152-4B16-9A67-3B8585DE0FF0}.Debug|x64.ActiveCfg = Debug|Any CPU
		{8C774DCF-0152-4B16-9A67-3B8585DE0FF0}.Debug|x64.Build.0 = Debug|Any CPU
		{8C774DCF-0152-4B16-9A67-3B8585DE0FF0}.Debug|x86.ActiveCfg = Debug|Any CPU
		{8C774DCF-0152-4B16-9A67-3B8585DE0FF0}.Debug|x86.Build.0 = Debug|Any CPU
		{8C774DCF-0152-4B16-9A67-3B8585DE0FF0}.Release|Any CPU.ActiveCfg = Release|Any CPU
		{8C774DCF-0152-4B16-9A67-3B8585DE0FF0}.Release|Any CPU.Build.0 = Release|Any CPU
		{8C774DCF-0152-4B16-9A67-3B8585DE0FF0}.Release|x64.ActiveCfg = Release|Any CPU
		{8C774DCF-0152-4B16-9A67-3B8585DE0FF0}.Release|x64.Build.0 = Release|Any CPU
		{8C774DCF-0152-4B16-9A67-3B8585DE0FF0}.Release|x86.ActiveCfg = Release|Any CPU
		{8C774DCF-0152-4B16-9A67-3B8585DE0FF0}.Release|x86.Build.0 = Release|Any CPU
		{0249F835-161B-49DC-B5EF-6D1D6AB6AC84}.Debug|Any CPU.ActiveCfg = Debug|Any CPU
		{0249F835-161B-49DC-B5EF-6D1D6AB6AC84}.Debug|Any CPU.Build.0 = Debug|Any CPU
		{0249F835-161B-49DC-B5EF-6D1D6AB6AC84}.Debug|x64.ActiveCfg = Debug|Any CPU
		{0249F835-161B-49DC-B5EF-6D1D6AB6AC84}.Debug|x64.Build.0 = Debug|Any CPU
		{0249F835-161B-49DC-B5EF-6D1D6AB6AC84}.Debug|x86.ActiveCfg = Debug|Any CPU
		{0249F835-161B-49DC-B5EF-6D1D6AB6AC84}.Debug|x86.Build.0 = Debug|Any CPU
		{0249F835-161B-49DC-B5EF-6D1D6AB6AC84}.Release|Any CPU.ActiveCfg = Release|Any CPU
		{0249F835-161B-49DC-B5EF-6D1D6AB6AC84}.Release|Any CPU.Build.0 = Release|Any CPU
		{0249F835-161B-49DC-B5EF-6D1D6AB6AC84}.Release|x64.ActiveCfg = Release|Any CPU
		{0249F835-161B-49DC-B5EF-6D1D6AB6AC84}.Release|x64.Build.0 = Release|Any CPU
		{0249F835-161B-49DC-B5EF-6D1D6AB6AC84}.Release|x86.ActiveCfg = Release|Any CPU
		{0249F835-161B-49DC-B5EF-6D1D6AB6AC84}.Release|x86.Build.0 = Release|Any CPU
	EndGlobalSection
	GlobalSection(SolutionProperties) = preSolution
		HideSolutionNode = FALSE
	EndGlobalSection
EndGlobal
